
Microsoft Visual Studio Solution File, Format Version 12.00
# Visual Studio Version 17
VisualStudioVersion = 17.13.35818.85
MinimumVisualStudioVersion = 10.0.40219.1
Project("{2150E333-8FDC-42A3-9474-1A3956D46DE8}") = "Services", "Services", "{02EA681E-C7D8-13C7-8484-4AC65E1B71E8}"
EndProject
Project("{2150E333-8FDC-42A3-9474-1A3956D46DE8}") = "Catalog", "Catalog", "{D97BB84D-0FB0-4824-8280-B70FAFDB4E13}"
EndProject
Project("{FAE04EC0-301F-11D3-BF4B-00C04F79EFBC}") = "MultiShop.Catalog", "Services\Catalog\MultiShop.Catalog\MultiShop.Catalog.csproj", "{20E27EE3-9D7D-43D5-AB8A-B695DB8CDF62}"
EndProject
Project("{2150E333-8FDC-42A3-9474-1A3956D46DE8}") = "Discount", "Discount", "{E1AE5F10-65AC-4BBF-A627-C914A89FD464}"
EndProject
Project("{FAE04EC0-301F-11D3-BF4B-00C04F79EFBC}") = "MultiShop.Discount", "Services\Discount\MultiShop.Discount\MultiShop.Discount.csproj", "{CC0BA5A6-164D-48CE-979F-A0B3A64AE1B7}"
EndProject
Project("{2150E333-8FDC-42A3-9474-1A3956D46DE8}") = "Order", "Order", "{53856FE1-06D7-4821-BBEB-17D8EC34E68D}"
EndProject
Project("{2150E333-8FDC-42A3-9474-1A3956D46DE8}") = "Core", "Core", "{EDCB4473-C63F-4944-B6A6-8DB55B707497}"
EndProject
Project("{2150E333-8FDC-42A3-9474-1A3956D46DE8}") = "Infrastructure", "Infrastructure", "{3355A7ED-61C2-454A-BC3A-B86C04AE9802}"
EndProject
Project("{2150E333-8FDC-42A3-9474-1A3956D46DE8}") = "Presentation", "Presentation", "{356E3786-5F07-4106-8B66-18EB7D59C6B0}"
EndProject
Project("{FAE04EC0-301F-11D3-BF4B-00C04F79EFBC}") = "MultiShop.Order.Domain", "Services\Order\Core\MultiShop.Order.Domain\MultiShop.Order.Domain.csproj", "{17722DF3-FD49-4DBD-A2B7-ED35B13FDDE0}"
EndProject
Project("{FAE04EC0-301F-11D3-BF4B-00C04F79EFBC}") = "MultiShop.Order.Application", "Services\Order\Core\MultiShop.Order.Application\MultiShop.Order.Application.csproj", "{080F9E2D-80B8-4BAE-AAB5-55426B98F2CE}"
EndProject
Project("{FAE04EC0-301F-11D3-BF4B-00C04F79EFBC}") = "MultiShop.Order.Persistence", "Services\Order\Infrastructure\MultiShop.Order.Persistence\MultiShop.Order.Persistence.csproj", "{5143DB09-B96E-4573-8772-20BD2B2D3ED2}"
EndProject
Project("{FAE04EC0-301F-11D3-BF4B-00C04F79EFBC}") = "MultiShop.Order.WebApi", "Services\Order\Presentation\MultiShop.Order.WebApi\MultiShop.Order.WebApi.csproj", "{180E23FE-7C5D-4D35-B87C-E751ADFE8024}"
EndProject
Project("{2150E333-8FDC-42A3-9474-1A3956D46DE8}") = "IdentityServer", "IdentityServer", "{5B03AD32-4D14-4562-9C53-32945448DBC6}"
EndProject
Project("{FAE04EC0-301F-11D3-BF4B-00C04F79EFBC}") = "MultiShop.IdentityServer", "IdentityServer\MultiShop.IdentityServer\MultiShop.IdentityServer.csproj", "{EA14094F-FB55-5ABC-1402-B4229C4AD0B1}"
EndProject
Project("{2150E333-8FDC-42A3-9474-1A3956D46DE8}") = "Cargo", "Cargo", "{165B6067-AE2B-4BFE-B8E9-EBC43CA9B29E}"
EndProject
Project("{FAE04EC0-301F-11D3-BF4B-00C04F79EFBC}") = "MultiShop.Cargo.EntityLayer", "Services\Cargo\MultiShop.Cargo.EntityLayer\MultiShop.Cargo.EntityLayer.csproj", "{5302650E-AB14-472F-8C85-DB88A55B8D46}"
EndProject
Project("{FAE04EC0-301F-11D3-BF4B-00C04F79EFBC}") = "MultiShop.Cargo.BusinessLayer", "Services\Cargo\MultiShop.Cargo.BusinessLayer\MultiShop.Cargo.BusinessLayer.csproj", "{2A7EA216-17C0-4057-8402-2D4B2ADB1AB0}"
EndProject
Project("{FAE04EC0-301F-11D3-BF4B-00C04F79EFBC}") = "MultiShop.Cargo.DataAccessLayer", "Services\Cargo\MultiShop.Cargo.DataAccessLayer\MultiShop.Cargo.DataAccessLayer.csproj", "{BDB7BB4B-52DA-48DA-A454-6A8BE7031C25}"
EndProject
Project("{FAE04EC0-301F-11D3-BF4B-00C04F79EFBC}") = "MultiShop.Cargo.DtoLayer", "Services\Cargo\MultiShop.Cargo.DtoLayer\MultiShop.Cargo.DtoLayer.csproj", "{5AB81A59-6387-45AE-BEEA-157DB38CBD1B}"
EndProject
Project("{FAE04EC0-301F-11D3-BF4B-00C04F79EFBC}") = "MultiShop.Cargo.WebApi", "Services\Cargo\MultiShop.Cargo.WebApi\MultiShop.Cargo.WebApi.csproj", "{9DB86BA3-305A-4524-98BC-CEB70A4A8946}"
EndProject
Project("{2150E333-8FDC-42A3-9474-1A3956D46DE8}") = "Basket", "Basket", "{F05183AA-F1B6-421D-AE9A-0CFD5CB45D46}"
EndProject
Project("{FAE04EC0-301F-11D3-BF4B-00C04F79EFBC}") = "MultiShop.Basket", "Services\Basket\MultiShop.Basket\MultiShop.Basket.csproj", "{4669CDF8-3884-4F79-875D-FA153BA175B1}"
EndProject
Project("{2150E333-8FDC-42A3-9474-1A3956D46DE8}") = "Frontends", "Frontends", "{7F5D72F4-BDBE-42FC-9074-C80FB727DA90}"
EndProject
Project("{FAE04EC0-301F-11D3-BF4B-00C04F79EFBC}") = "MultiShop.WebUI", "MultiShop.WebUI\MultiShop.WebUI.csproj", "{7A3D4C47-D764-4695-8ADF-C14886CEAA99}"
EndProject
Global
	GlobalSection(SolutionConfigurationPlatforms) = preSolution
		Debug|Any CPU = Debug|Any CPU
		Release|Any CPU = Release|Any CPU
	EndGlobalSection
	GlobalSection(ProjectConfigurationPlatforms) = postSolution
		{20E27EE3-9D7D-43D5-AB8A-B695DB8CDF62}.Debug|Any CPU.ActiveCfg = Debug|Any CPU
		{20E27EE3-9D7D-43D5-AB8A-B695DB8CDF62}.Debug|Any CPU.Build.0 = Debug|Any CPU
		{20E27EE3-9D7D-43D5-AB8A-B695DB8CDF62}.Release|Any CPU.ActiveCfg = Release|Any CPU
		{20E27EE3-9D7D-43D5-AB8A-B695DB8CDF62}.Release|Any CPU.Build.0 = Release|Any CPU
		{CC0BA5A6-164D-48CE-979F-A0B3A64AE1B7}.Debug|Any CPU.ActiveCfg = Debug|Any CPU
		{CC0BA5A6-164D-48CE-979F-A0B3A64AE1B7}.Debug|Any CPU.Build.0 = Debug|Any CPU
		{CC0BA5A6-164D-48CE-979F-A0B3A64AE1B7}.Release|Any CPU.ActiveCfg = Release|Any CPU
		{CC0BA5A6-164D-48CE-979F-A0B3A64AE1B7}.Release|Any CPU.Build.0 = Release|Any CPU
		{17722DF3-FD49-4DBD-A2B7-ED35B13FDDE0}.Debug|Any CPU.ActiveCfg = Debug|Any CPU
		{17722DF3-FD49-4DBD-A2B7-ED35B13FDDE0}.Debug|Any CPU.Build.0 = Debug|Any CPU
		{17722DF3-FD49-4DBD-A2B7-ED35B13FDDE0}.Release|Any CPU.ActiveCfg = Release|Any CPU
		{17722DF3-FD49-4DBD-A2B7-ED35B13FDDE0}.Release|Any CPU.Build.0 = Release|Any CPU
		{080F9E2D-80B8-4BAE-AAB5-55426B98F2CE}.Debug|Any CPU.ActiveCfg = Debug|Any CPU
		{080F9E2D-80B8-4BAE-AAB5-55426B98F2CE}.Debug|Any CPU.Build.0 = Debug|Any CPU
		{080F9E2D-80B8-4BAE-AAB5-55426B98F2CE}.Release|Any CPU.ActiveCfg = Release|Any CPU
		{080F9E2D-80B8-4BAE-AAB5-55426B98F2CE}.Release|Any CPU.Build.0 = Release|Any CPU
		{5143DB09-B96E-4573-8772-20BD2B2D3ED2}.Debug|Any CPU.ActiveCfg = Debug|Any CPU
		{5143DB09-B96E-4573-8772-20BD2B2D3ED2}.Debug|Any CPU.Build.0 = Debug|Any CPU
		{5143DB09-B96E-4573-8772-20BD2B2D3ED2}.Release|Any CPU.ActiveCfg = Release|Any CPU
		{5143DB09-B96E-4573-8772-20BD2B2D3ED2}.Release|Any CPU.Build.0 = Release|Any CPU
		{180E23FE-7C5D-4D35-B87C-E751ADFE8024}.Debug|Any CPU.ActiveCfg = Debug|Any CPU
		{180E23FE-7C5D-4D35-B87C-E751ADFE8024}.Debug|Any CPU.Build.0 = Debug|Any CPU
		{180E23FE-7C5D-4D35-B87C-E751ADFE8024}.Release|Any CPU.ActiveCfg = Release|Any CPU
		{180E23FE-7C5D-4D35-B87C-E751ADFE8024}.Release|Any CPU.Build.0 = Release|Any CPU
		{EA14094F-FB55-5ABC-1402-B4229C4AD0B1}.Debug|Any CPU.ActiveCfg = Debug|Any CPU
		{EA14094F-FB55-5ABC-1402-B4229C4AD0B1}.Debug|Any CPU.Build.0 = Debug|Any CPU
		{EA14094F-FB55-5ABC-1402-B4229C4AD0B1}.Release|Any CPU.ActiveCfg = Release|Any CPU
		{EA14094F-FB55-5ABC-1402-B4229C4AD0B1}.Release|Any CPU.Build.0 = Release|Any CPU
		{5302650E-AB14-472F-8C85-DB88A55B8D46}.Debug|Any CPU.ActiveCfg = Debug|Any CPU
		{5302650E-AB14-472F-8C85-DB88A55B8D46}.Debug|Any CPU.Build.0 = Debug|Any CPU
		{5302650E-AB14-472F-8C85-DB88A55B8D46}.Release|Any CPU.ActiveCfg = Release|Any CPU
		{5302650E-AB14-472F-8C85-DB88A55B8D46}.Release|Any CPU.Build.0 = Release|Any CPU
		{2A7EA216-17C0-4057-8402-2D4B2ADB1AB0}.Debug|Any CPU.ActiveCfg = Debug|Any CPU
		{2A7EA216-17C0-4057-8402-2D4B2ADB1AB0}.Debug|Any CPU.Build.0 = Debug|Any CPU
		{2A7EA216-17C0-4057-8402-2D4B2ADB1AB0}.Release|Any CPU.ActiveCfg = Release|Any CPU
		{2A7EA216-17C0-4057-8402-2D4B2ADB1AB0}.Release|Any CPU.Build.0 = Release|Any CPU
		{BDB7BB4B-52DA-48DA-A454-6A8BE7031C25}.Debug|Any CPU.ActiveCfg = Debug|Any CPU
		{BDB7BB4B-52DA-48DA-A454-6A8BE7031C25}.Debug|Any CPU.Build.0 = Debug|Any CPU
		{BDB7BB4B-52DA-48DA-A454-6A8BE7031C25}.Release|Any CPU.ActiveCfg = Release|Any CPU
		{BDB7BB4B-52DA-48DA-A454-6A8BE7031C25}.Release|Any CPU.Build.0 = Release|Any CPU
		{5AB81A59-6387-45AE-BEEA-157DB38CBD1B}.Debug|Any CPU.ActiveCfg = Debug|Any CPU
		{5AB81A59-6387-45AE-BEEA-157DB38CBD1B}.Debug|Any CPU.Build.0 = Debug|Any CPU
		{5AB81A59-6387-45AE-BEEA-157DB38CBD1B}.Release|Any CPU.ActiveCfg = Release|Any CPU
		{5AB81A59-6387-45AE-BEEA-157DB38CBD1B}.Release|Any CPU.Build.0 = Release|Any CPU
		{9DB86BA3-305A-4524-98BC-CEB70A4A8946}.Debug|Any CPU.ActiveCfg = Debug|Any CPU
		{9DB86BA3-305A-4524-98BC-CEB70A4A8946}.Debug|Any CPU.Build.0 = Debug|Any CPU
		{9DB86BA3-305A-4524-98BC-CEB70A4A8946}.Release|Any CPU.ActiveCfg = Release|Any CPU
		{9DB86BA3-305A-4524-98BC-CEB70A4A8946}.Release|Any CPU.Build.0 = Release|Any CPU
		{4669CDF8-3884-4F79-875D-FA153BA175B1}.Debug|Any CPU.ActiveCfg = Debug|Any CPU
		{4669CDF8-3884-4F79-875D-FA153BA175B1}.Debug|Any CPU.Build.0 = Debug|Any CPU
		{4669CDF8-3884-4F79-875D-FA153BA175B1}.Release|Any CPU.ActiveCfg = Release|Any CPU
		{4669CDF8-3884-4F79-875D-FA153BA175B1}.Release|Any CPU.Build.0 = Release|Any CPU
		{7A3D4C47-D764-4695-8ADF-C14886CEAA99}.Debug|Any CPU.ActiveCfg = Debug|Any CPU
		{7A3D4C47-D764-4695-8ADF-C14886CEAA99}.Debug|Any CPU.Build.0 = Debug|Any CPU
		{7A3D4C47-D764-4695-8ADF-C14886CEAA99}.Release|Any CPU.ActiveCfg = Release|Any CPU
		{7A3D4C47-D764-4695-8ADF-C14886CEAA99}.Release|Any CPU.Build.0 = Release|Any CPU
	EndGlobalSection
	GlobalSection(SolutionProperties) = preSolution
		HideSolutionNode = FALSE
	EndGlobalSection
	GlobalSection(NestedProjects) = preSolution
		{D97BB84D-0FB0-4824-8280-B70FAFDB4E13} = {02EA681E-C7D8-13C7-8484-4AC65E1B71E8}
		{20E27EE3-9D7D-43D5-AB8A-B695DB8CDF62} = {D97BB84D-0FB0-4824-8280-B70FAFDB4E13}
		{E1AE5F10-65AC-4BBF-A627-C914A89FD464} = {02EA681E-C7D8-13C7-8484-4AC65E1B71E8}
		{CC0BA5A6-164D-48CE-979F-A0B3A64AE1B7} = {E1AE5F10-65AC-4BBF-A627-C914A89FD464}
		{53856FE1-06D7-4821-BBEB-17D8EC34E68D} = {02EA681E-C7D8-13C7-8484-4AC65E1B71E8}
		{EDCB4473-C63F-4944-B6A6-8DB55B707497} = {53856FE1-06D7-4821-BBEB-17D8EC34E68D}
		{3355A7ED-61C2-454A-BC3A-B86C04AE9802} = {53856FE1-06D7-4821-BBEB-17D8EC34E68D}
		{356E3786-5F07-4106-8B66-18EB7D59C6B0} = {53856FE1-06D7-4821-BBEB-17D8EC34E68D}
		{17722DF3-FD49-4DBD-A2B7-ED35B13FDDE0} = {EDCB4473-C63F-4944-B6A6-8DB55B707497}
		{080F9E2D-80B8-4BAE-AAB5-55426B98F2CE} = {EDCB4473-C63F-4944-B6A6-8DB55B707497}
		{5143DB09-B96E-4573-8772-20BD2B2D3ED2} = {3355A7ED-61C2-454A-BC3A-B86C04AE9802}
		{180E23FE-7C5D-4D35-B87C-E751ADFE8024} = {356E3786-5F07-4106-8B66-18EB7D59C6B0}
		{EA14094F-FB55-5ABC-1402-B4229C4AD0B1} = {5B03AD32-4D14-4562-9C53-32945448DBC6}
		{165B6067-AE2B-4BFE-B8E9-EBC43CA9B29E} = {02EA681E-C7D8-13C7-8484-4AC65E1B71E8}
		{5302650E-AB14-472F-8C85-DB88A55B8D46} = {165B6067-AE2B-4BFE-B8E9-EBC43CA9B29E}
		{2A7EA216-17C0-4057-8402-2D4B2ADB1AB0} = {165B6067-AE2B-4BFE-B8E9-EBC43CA9B29E}
		{BDB7BB4B-52DA-48DA-A454-6A8BE7031C25} = {165B6067-AE2B-4BFE-B8E9-EBC43CA9B29E}
		{5AB81A59-6387-45AE-BEEA-157DB38CBD1B} = {165B6067-AE2B-4BFE-B8E9-EBC43CA9B29E}
		{9DB86BA3-305A-4524-98BC-CEB70A4A8946} = {165B6067-AE2B-4BFE-B8E9-EBC43CA9B29E}
		{F05183AA-F1B6-421D-AE9A-0CFD5CB45D46} = {02EA681E-C7D8-13C7-8484-4AC65E1B71E8}
		{4669CDF8-3884-4F79-875D-FA153BA175B1} = {F05183AA-F1B6-421D-AE9A-0CFD5CB45D46}
		{7A3D4C47-D764-4695-8ADF-C14886CEAA99} = {7F5D72F4-BDBE-42FC-9074-C80FB727DA90}
	EndGlobalSection
	GlobalSection(ExtensibilityGlobals) = postSolution
		SolutionGuid = {54642831-9269-4598-8A3F-B5802B13FE98}
	EndGlobalSection
EndGlobal
